github.com/shreynadiadwala/Person-Lyearn-Testing-Backend-Universe/packages/timeutil v0.0.0-20240823081617-6d3d01975832 h1:Iw1hmYI4x5IhA+ZyBqXuAopuDUlJRsfVmKXwGQ8u90A=
github.com/shreynadiadwala/Person-Lyearn-Testing-Backend-Universe/packages/timeutil v0.0.0-20240823081617-6d3d01975832/go.mod h1:+VgKAI8hkc/xdEADyo6+0Hpw8fNAStXPfux93KoOIco=
