github.com/shreynadiadwala/Person-Lyearn-Testing-Backend-Universe/packages/stringutil v0.0.0-20240823081617-6d3d01975832 h1:L7Oy8o9Yr3yXtTtJNcDLmBLKDpIMZGU31wci4LIqI/k=
github.com/shreynadiadwala/Person-Lyearn-Testing-Backend-Universe/packages/stringutil v0.0.0-20240823081617-6d3d01975832/go.mod h1:3xa+w91U99UNr24ohDjcTieXPxHBZMQ8YbgzegnxQpA=
