github.com/shreynadiadwala/Person-Lyearn-Testing-Backend-Universe/packages/mathutil v0.0.0-20240823075021-1efb05343c12 h1:E0c8BeHVgKHQ704nbePryPPWXA9X9AKg2EiMNQJic04=
github.com/shreynadiadwala/Person-Lyearn-Testing-Backend-Universe/packages/mathutil v0.0.0-20240823075021-1efb05343c12/go.mod h1:I4XYBGZrXZ6MX9j+Clh55EGpFyVy1RgbjijSDl0QcIw=
